// !$*UTF8*$!
{
	archiveVersion = 1;
	classes = {
	};
	objectVersion = 48;
	objects = {

/* Begin PBXBuildFile section */
		758758241FDFC6DD001C4B8C /* AppDelegate.m in Sources */ = {isa = PBXBuildFile; fileRef = 758758231FDFC6DD001C4B8C /* AppDelegate.m */; };
		758758271FDFC6DD001C4B8C /* ViewController.m in Sources */ = {isa = PBXBuildFile; fileRef = 758758261FDFC6DD001C4B8C /* ViewController.m */; };
		7587582A1FDFC6DD001C4B8C /* Main.storyboard in Resources */ = {isa = PBXBuildFile; fileRef = 758758281FDFC6DD001C4B8C /* Main.storyboard */; };
		7587582C1FDFC6DD001C4B8C /* Assets.xcassets in Resources */ = {isa = PBXBuildFile; fileRef = 7587582B1FDFC6DD001C4B8C /* Assets.xcassets */; };
		7587582F1FDFC6DD001C4B8C /* LaunchScreen.storyboard in Resources */ = {isa = PBXBuildFile; fileRef = 7587582D1FDFC6DD001C4B8C /* LaunchScreen.storyboard */; };
		758758321FDFC6DD001C4B8C /* main.m in Sources */ = {isa = PBXBuildFile; fileRef = 758758311FDFC6DD001C4B8C /* main.m */; };
		7587583C1FDFC6DD001C4B8C /* ZPKitTests.m in Sources */ = {isa = PBXBuildFile; fileRef = 7587583B1FDFC6DD001C4B8C /* ZPKitTests.m */; };
		758758471FDFC6DD001C4B8C /* ZPKitUITests.m in Sources */ = {isa = PBXBuildFile; fileRef = 758758461FDFC6DD001C4B8C /* ZPKitUITests.m */; };
		758758571FDFC831001C4B8C /* ZYObject.m in Sources */ = {isa = PBXBuildFile; fileRef = 758758561FDFC831001C4B8C /* ZYObject.m */; };
		7587585A1FDFD3C4001C4B8C /* ZPView.m in Sources */ = {isa = PBXBuildFile; fileRef = 758758591FDFD3C4001C4B8C /* ZPView.m */; };
		758842BF1FE10E3000A0544C /* ZPViews.m in Sources */ = {isa = PBXBuildFile; fileRef = 758842BE1FE10E3000A0544C /* ZPViews.m */; };
/* End PBXBuildFile section */

/* Begin PBXContainerItemProxy section */
		758758381FDFC6DD001C4B8C /* PBXContainerItemProxy */ = {
			isa = PBXContainerItemProxy;
			containerPortal = 758758171FDFC6DD001C4B8C /* Project object */;
			proxyType = 1;
			remoteGlobalIDString = 7587581E1FDFC6DD001C4B8C;
			remoteInfo = ZPKit;
		};
		758758431FDFC6DD001C4B8C /* PBXContainerItemProxy */ = {
			isa = PBXContainerItemProxy;
			containerPortal = 758758171FDFC6DD001C4B8C /* Project object */;
			proxyType = 1;
			remoteGlobalIDString = 7587581E1FDFC6DD001C4B8C;
			remoteInfo = ZPKit;
		};
/* End PBXContainerItemProxy section */

/* Begin PBXFileReference section */
		7587581F1FDFC6DD001C4B8C /* ZPKit.app */ = {isa = PBXFileReference; explicitFileType = wrapper.application; includeInIndex = 0; path = ZPKit.app; sourceTree = BUILT_PRODUCTS_DIR; };
		758758221FDFC6DD001C4B8C /* AppDelegate.h */ = {isa = PBXFileReference; lastKnownFileType = sourcecode.c.h; path = AppDelegate.h; sourceTree = "<group>"; };
		758758231FDFC6DD001C4B8C /* AppDelegate.m */ = {isa = PBXFileReference; lastKnownFileType = sourcecode.c.objc; path = AppDelegate.m; sourceTree = "<group>"; };
		758758251FDFC6DD001C4B8C /* ViewController.h */ = {isa = PBXFileReference; lastKnownFileType = sourcecode.c.h; path = ViewController.h; sourceTree = "<group>"; };
		758758261FDFC6DD001C4B8C /* ViewController.m */ = {isa = PBXFileReference; lastKnownFileType = sourcecode.c.objc; path = ViewController.m; sourceTree = "<group>"; };
		758758291FDFC6DD001C4B8C /* Base */ = {isa = PBXFileReference; lastKnownFileType = file.storyboard; name = Base; path = Base.lproj/Main.storyboard; sourceTree = "<group>"; };
		7587582B1FDFC6DD001C4B8C /* Assets.xcassets */ = {isa = PBXFileReference; lastKnownFileType = folder.assetcatalog; path = Assets.xcassets; sourceTree = "<group>"; };
		7587582E1FDFC6DD001C4B8C /* Base */ = {isa = PBXFileReference; lastKnownFileType = file.storyboard; name = Base; path = Base.lproj/LaunchScreen.storyboard; sourceTree = "<group>"; };
		758758301FDFC6DD001C4B8C /* Info.plist */ = {isa = PBXFileReference; lastKnownFileType = text.plist.xml; path = Info.plist; sourceTree = "<group>"; };
		758758311FDFC6DD001C4B8C /* main.m */ = {isa = PBXFileReference; lastKnownFileType = sourcecode.c.objc; path = main.m; sourceTree = "<group>"; };
		758758371FDFC6DD001C4B8C /* ZPKitTests.xctest */ = {isa = PBXFileReference; explicitFileType = wrapper.cfbundle; includeInIndex = 0; path = ZPKitTests.xctest; sourceTree = BUILT_PRODUCTS_DIR; };
		7587583B1FDFC6DD001C4B8C /* ZPKitTests.m */ = {isa = PBXFileReference; lastKnownFileType = sourcecode.c.objc; path = ZPKitTests.m; sourceTree = "<group>"; };
		7587583D1FDFC6DD001C4B8C /* Info.plist */ = {isa = PBXFileReference; lastKnownFileType = text.plist.xml; path = Info.plist; sourceTree = "<group>"; };
		758758421FDFC6DD001C4B8C /* ZPKitUITests.xctest */ = {isa = PBXFileReference; explicitFileType = wrapper.cfbundle; includeInIndex = 0; path = ZPKitUITests.xctest; sourceTree = BUILT_PRODUCTS_DIR; };
		758758461FDFC6DD001C4B8C /* ZPKitUITests.m */ = {isa = PBXFileReference; lastKnownFileType = sourcecode.c.objc; path = ZPKitUITests.m; sourceTree = "<group>"; };
		758758481FDFC6DD001C4B8C /* Info.plist */ = {isa = PBXFileReference; lastKnownFileType = text.plist.xml; path = Info.plist; sourceTree = "<group>"; };
		758758551FDFC831001C4B8C /* ZYObject.h */ = {isa = PBXFileReference; lastKnownFileType = sourcecode.c.h; path = ZYObject.h; sourceTree = "<group>"; };
		758758561FDFC831001C4B8C /* ZYObject.m */ = {isa = PBXFileReference; lastKnownFileType = sourcecode.c.objc; path = ZYObject.m; sourceTree = "<group>"; };
		758758581FDFD3C4001C4B8C /* ZPView.h */ = {isa = PBXFileReference; lastKnownFileType = sourcecode.c.h; path = ZPView.h; sourceTree = "<group>"; };
		758758591FDFD3C4001C4B8C /* ZPView.m */ = {isa = PBXFileReference; lastKnownFileType = sourcecode.c.objc; path = ZPView.m; sourceTree = "<group>"; };
		758842BD1FE10E3000A0544C /* ZPViews.h */ = {isa = PBXFileReference; lastKnownFileType = sourcecode.c.h; path = ZPViews.h; sourceTree = "<group>"; };
		758842BE1FE10E3000A0544C /* ZPViews.m */ = {isa = PBXFileReference; lastKnownFileType = sourcecode.c.objc; path = ZPViews.m; sourceTree = "<group>"; };
/* End PBXFileReference section */

/* Begin PBXFrameworksBuildPhase section */
		7587581C1FDFC6DD001C4B8C /* Frameworks */ = {
			isa = PBXFrameworksBuildPhase;
			buildActionMask = 2147483647;
			files = (
			);
			runOnlyForDeploymentPostprocessing = 0;
		};
		758758341FDFC6DD001C4B8C /* Frameworks */ = {
			isa = PBXFrameworksBuildPhase;
			buildActionMask = 2147483647;
			files = (
			);
			runOnlyForDeploymentPostprocessing = 0;
		};
		7587583F1FDFC6DD001C4B8C /* Frameworks */ = {
			isa = PBXFrameworksBuildPhase;
			buildActionMask = 2147483647;
			files = (
			);
			runOnlyForDeploymentPostprocessing = 0;
		};
/* End PBXFrameworksBuildPhase section */

/* Begin PBXGroup section */
		758758161FDFC6DD001C4B8C = {
			isa = PBXGroup;
			children = (
				758758211FDFC6DD001C4B8C /* ZPKit */,
				7587583A1FDFC6DD001C4B8C /* ZPKitTests */,
				758758451FDFC6DD001C4B8C /* ZPKitUITests */,
				758758201FDFC6DD001C4B8C /* Products */,
			);
			sourceTree = "<group>";
		};
		758758201FDFC6DD001C4B8C /* Products */ = {
			isa = PBXGroup;
			children = (
				7587581F1FDFC6DD001C4B8C /* ZPKit.app */,
				758758371FDFC6DD001C4B8C /* ZPKitTests.xctest */,
				758758421FDFC6DD001C4B8C /* ZPKitUITests.xctest */,
			);
			name = Products;
			sourceTree = "<group>";
		};
		758758211FDFC6DD001C4B8C /* ZPKit */ = {
			isa = PBXGroup;
			children = (
				758758541FDFC823001C4B8C /* Class */,
				758758221FDFC6DD001C4B8C /* AppDelegate.h */,
				758758231FDFC6DD001C4B8C /* AppDelegate.m */,
				758758251FDFC6DD001C4B8C /* ViewController.h */,
				758758261FDFC6DD001C4B8C /* ViewController.m */,
				758758281FDFC6DD001C4B8C /* Main.storyboard */,
				7587582B1FDFC6DD001C4B8C /* Assets.xcassets */,
				7587582D1FDFC6DD001C4B8C /* LaunchScreen.storyboard */,
				758758301FDFC6DD001C4B8C /* Info.plist */,
				758758311FDFC6DD001C4B8C /* main.m */,
			);
			path = ZPKit;
			sourceTree = "<group>";
		};
		7587583A1FDFC6DD001C4B8C /* ZPKitTests */ = {
			isa = PBXGroup;
			children = (
				7587583B1FDFC6DD001C4B8C /* ZPKitTests.m */,
				7587583D1FDFC6DD001C4B8C /* Info.plist */,
			);
			path = ZPKitTests;
			sourceTree = "<group>";
		};
		758758451FDFC6DD001C4B8C /* ZPKitUITests */ = {
			isa = PBXGroup;
			children = (
				758758461FDFC6DD001C4B8C /* ZPKitUITests.m */,
				758758481FDFC6DD001C4B8C /* Info.plist */,
			);
			path = ZPKitUITests;
			sourceTree = "<group>";
		};
		758758541FDFC823001C4B8C /* Class */ = {
			isa = PBXGroup;
			children = (
				758842BC1FE10E2300A0544C /* View */,
				758758551FDFC831001C4B8C /* ZYObject.h */,
				758758561FDFC831001C4B8C /* ZYObject.m */,
				758758581FDFD3C4001C4B8C /* ZPView.h */,
				758758591FDFD3C4001C4B8C /* ZPView.m */,
			);
			path = Class;
			sourceTree = SOURCE_ROOT;
		};
		758842BC1FE10E2300A0544C /* View */ = {
			isa = PBXGroup;
			children = (
				758842BD1FE10E3000A0544C /* ZPViews.h */,
				758842BE1FE10E3000A0544C /* ZPViews.m */,
			);
			path = View;
			sourceTree = "<group>";
		};
/* End PBXGroup section */

/* Begin PBXNativeTarget section */
		7587581E1FDFC6DD001C4B8C /* ZPKit */ = {
			isa = PBXNativeTarget;
			buildConfigurationList = 7587584B1FDFC6DD001C4B8C /* Build configuration list for PBXNativeTarget "ZPKit" */;
			buildPhases = (
				7587581B1FDFC6DD001C4B8C /* Sources */,
				7587581C1FDFC6DD001C4B8C /* Frameworks */,
				7587581D1FDFC6DD001C4B8C /* Resources */,
			);
			buildRules = (
			);
			dependencies = (
			);
			name = ZPKit;
			productName = ZPKit;
			productReference = 7587581F1FDFC6DD001C4B8C /* ZPKit.app */;
			productType = "com.apple.product-type.application";
		};
		758758361FDFC6DD001C4B8C /* ZPKitTests */ = {
			isa = PBXNativeTarget;
			buildConfigurationList = 7587584E1FDFC6DD001C4B8C /* Build configuration list for PBXNativeTarget "ZPKitTests" */;
			buildPhases = (
				758758331FDFC6DD001C4B8C /* Sources */,
				758758341FDFC6DD001C4B8C /* Frameworks */,
				758758351FDFC6DD001C4B8C /* Resources */,
			);
			buildRules = (
			);
			dependencies = (
				758758391FDFC6DD001C4B8C /* PBXTargetDependency */,
			);
			name = ZPKitTests;
			productName = ZPKitTests;
			productReference = 758758371FDFC6DD001C4B8C /* ZPKitTests.xctest */;
			productType = "com.apple.product-type.bundle.unit-test";
		};
		758758411FDFC6DD001C4B8C /* ZPKitUITests */ = {
			isa = PBXNativeTarget;
			buildConfigurationList = 758758511FDFC6DD001C4B8C /* Build configuration list for PBXNativeTarget "ZPKitUITests" */;
			buildPhases = (
				7587583E1FDFC6DD001C4B8C /* Sources */,
				7587583F1FDFC6DD001C4B8C /* Frameworks */,
				758758401FDFC6DD001C4B8C /* Resources */,
			);
			buildRules = (
			);
			dependencies = (
				758758441FDFC6DD001C4B8C /* PBXTargetDependency */,
			);
			name = ZPKitUITests;
			productName = ZPKitUITests;
			productReference = 758758421FDFC6DD001C4B8C /* ZPKitUITests.xctest */;
			productType = "com.apple.product-type.bundle.ui-testing";
		};
/* End PBXNativeTarget section */

/* Begin PBXProject section */
		758758171FDFC6DD001C4B8C /* Project object */ = {
			isa = PBXProject;
			attributes = {
				LastUpgradeCheck = 0900;
				ORGANIZATIONNAME = "赵鹏";
				TargetAttributes = {
					7587581E1FDFC6DD001C4B8C = {
						CreatedOnToolsVersion = 9.0.1;
						ProvisioningStyle = Automatic;
					};
					758758361FDFC6DD001C4B8C = {
						CreatedOnToolsVersion = 9.0.1;
						ProvisioningStyle = Automatic;
						TestTargetID = 7587581E1FDFC6DD001C4B8C;
					};
					758758411FDFC6DD001C4B8C = {
						CreatedOnToolsVersion = 9.0.1;
						ProvisioningStyle = Automatic;
						TestTargetID = 7587581E1FDFC6DD001C4B8C;
					};
				};
			};
			buildConfigurationList = 7587581A1FDFC6DD001C4B8C /* Build configuration list for PBXProject "ZPKit" */;
			compatibilityVersion = "Xcode 8.0";
			developmentRegion = en;
			hasScannedForEncodings = 0;
			knownRegions = (
				en,
				Base,
			);
			mainGroup = 758758161FDFC6DD001C4B8C;
			productRefGroup = 758758201FDFC6DD001C4B8C /* Products */;
			projectDirPath = "";
			projectRoot = "";
			targets = (
				7587581E1FDFC6DD001C4B8C /* ZPKit */,
				758758361FDFC6DD001C4B8C /* ZPKitTests */,
				758758411FDFC6DD001C4B8C /* ZPKitUITests */,
			);
		};
/* End PBXProject section */

/* Begin PBXResourcesBuildPhase section */
		7587581D1FDFC6DD001C4B8C /* Resources */ = {
			isa = PBXResourcesBuildPhase;
			buildActionMask = 2147483647;
			files = (
				7587582F1FDFC6DD001C4B8C /* LaunchScreen.storyboard in Resources */,
				7587582C1FDFC6DD001C4B8C /* Assets.xcassets in Resources */,
				7587582A1FDFC6DD001C4B8C /* Main.storyboard in Resources */,
			);
			runOnlyForDeploymentPostprocessing = 0;
		};
		758758351FDFC6DD001C4B8C /* Resources */ = {
			isa = PBXResourcesBuildPhase;
			buildActionMask = 2147483647;
			files = (
			);
			runOnlyForDeploymentPostprocessing = 0;
		};
		758758401FDFC6DD001C4B8C /* Resources */ = {
			isa = PBXResourcesBuildPhase;
			buildActionMask = 2147483647;
			files = (
			);
			runOnlyForDeploymentPostprocessing = 0;
		};
/* End PBXResourcesBuildPhase section */

/* Begin PBXSourcesBuildPhase section */
		7587581B1FDFC6DD001C4B8C /* Sources */ = {
			isa = PBXSourcesBuildPhase;
			buildActionMask = 2147483647;
			files = (
				758842BF1FE10E3000A0544C /* ZPViews.m in Sources */,
				758758271FDFC6DD001C4B8C /* ViewController.m in Sources */,
				758758321FDFC6DD001C4B8C /* main.m in Sources */,
				758758241FDFC6DD001C4B8C /* AppDelegate.m in Sources */,
				758758571FDFC831001C4B8C /* ZYObject.m in Sources */,
				7587585A1FDFD3C4001C4B8C /* ZPView.m in Sources */,
			);
			runOnlyForDeploymentPostprocessing = 0;
		};
		758758331FDFC6DD001C4B8C /* Sources */ = {
			isa = PBXSourcesBuildPhase;
			buildActionMask = 2147483647;
			files = (
				7587583C1FDFC6DD001C4B8C /* ZPKitTests.m in Sources */,
			);
			runOnlyForDeploymentPostprocessing = 0;
		};
		7587583E1FDFC6DD001C4B8C /* Sources */ = {
			isa = PBXSourcesBuildPhase;
			buildActionMask = 2147483647;
			files = (
				758758471FDFC6DD001C4B8C /* ZPKitUITests.m in Sources */,
			);
			runOnlyForDeploymentPostprocessing = 0;
		};
/* End PBXSourcesBuildPhase section */

/* Begin PBXTargetDependency section */
		758758391FDFC6DD001C4B8C /* PBXTargetDependency */ = {
			isa = PBXTargetDependency;
			target = 7587581E1FDFC6DD001C4B8C /* ZPKit */;
			targetProxy = 758758381FDFC6DD001C4B8C /* PBXContainerItemProxy */;
		};
		758758441FDFC6DD001C4B8C /* PBXTargetDependency */ = {
			isa = PBXTargetDependency;
			target = 7587581E1FDFC6DD001C4B8C /* ZPKit */;
			targetProxy = 758758431FDFC6DD001C4B8C /* PBXContainerItemProxy */;
		};
/* End PBXTargetDependency section */

/* Begin PBXVariantGroup section */
		758758281FDFC6DD001C4B8C /* Main.storyboard */ = {
			isa = PBXVariantGroup;
			children = (
				758758291FDFC6DD001C4B8C /* Base */,
			);
			name = Main.storyboard;
			sourceTree = "<group>";
		};
		7587582D1FDFC6DD001C4B8C /* LaunchScreen.storyboard */ = {
			isa = PBXVariantGroup;
			children = (
				7587582E1FDFC6DD001C4B8C /* Base */,
			);
			name = LaunchScreen.storyboard;
			sourceTree = "<group>";
		};
/* End PBXVariantGroup section */

/* Begin XCBuildConfiguration section */
		758758491FDFC6DD001C4B8C /* Debug */ = {
			isa = XCBuildConfiguration;
			buildSettings = {
				ALWAYS_SEARCH_USER_PATHS = NO;
				CLANG_ANALYZER_NONNULL = YES;
				CLANG_ANALYZER_NUMBER_OBJECT_CONVERSION = YES_AGGRESSIVE;
				CLANG_CXX_LANGUAGE_STANDARD = "gnu++14";
				CLANG_CXX_LIBRARY = "libc++";
				CLANG_ENABLE_MODULES = YES;
				CLANG_ENABLE_OBJC_ARC = YES;
				CLANG_WARN_BLOCK_CAPTURE_AUTORELEASING = YES;
				CLANG_WARN_BOOL_CONVERSION = YES;
				CLANG_WARN_COMMA = YES;
				CLANG_WARN_CONSTANT_CONVERSION = YES;
				CLANG_WARN_DIRECT_OBJC_ISA_USAGE = YES_ERROR;
				CLANG_WARN_DOCUMENTATION_COMMENTS = YES;
				CLANG_WARN_EMPTY_BODY = YES;
				CLANG_WARN_ENUM_CONVERSION = YES;
				CLANG_WARN_INFINITE_RECURSION = YES;
				CLANG_WARN_INT_CONVERSION = YES;
				CLANG_WARN_NON_LITERAL_NULL_CONVERSION = YES;
				CLANG_WARN_OBJC_LITERAL_CONVERSION = YES;
				CLANG_WARN_OBJC_ROOT_CLASS = YES_ERROR;
				CLANG_WARN_RANGE_LOOP_ANALYSIS = YES;
				CLANG_WARN_STRICT_PROTOTYPES = YES;
				CLANG_WARN_SUSPICIOUS_MOVE = YES;
				CLANG_WARN_UNGUARDED_AVAILABILITY = YES_AGGRESSIVE;
				CLANG_WARN_UNREACHABLE_CODE = YES;
				CLANG_WARN__DUPLICATE_METHOD_MATCH = YES;
				CODE_SIGN_IDENTITY = "iPhone Developer";
				COPY_PHASE_STRIP = NO;
				DEBUG_INFORMATION_FORMAT = dwarf;
				ENABLE_STRICT_OBJC_MSGSEND = YES;
				ENABLE_TESTABILITY = YES;
				GCC_C_LANGUAGE_STANDARD = gnu11;
				GCC_DYNAMIC_NO_PIC = NO;
				GCC_NO_COMMON_BLOCKS = YES;
				GCC_OPTIMIZATION_LEVEL = 0;
				GCC_PREPROCESSOR_DEFINITIONS = (
					"DEBUG=1",
					"$(inherited)",
				);
				GCC_WARN_64_TO_32_BIT_CONVERSION = YES;
				GCC_WARN_ABOUT_RETURN_TYPE = YES_ERROR;
				GCC_WARN_UNDECLARED_SELECTOR = YES;
				GCC_WARN_UNINITIALIZED_AUTOS = YES_AGGRESSIVE;
				GCC_WARN_UNUSED_FUNCTION = YES;
				GCC_WARN_UNUSED_VARIABLE = YES;
				IPHONEOS_DEPLOYMENT_TARGET = 11.0;
				MTL_ENABLE_DEBUG_INFO = YES;
				ONLY_ACTIVE_ARCH = YES;
				SDKROOT = iphoneos;
			};
			name = Debug;
		};
		7587584A1FDFC6DD001C4B8C /* Release */ = {
			isa = XCBuildConfiguration;
			buildSettings = {
				ALWAYS_SEARCH_USER_PATHS = NO;
				CLANG_ANALYZER_NONNULL = YES;
				CLANG_ANALYZER_NUMBER_OBJECT_CONVERSION = YES_AGGRESSIVE;
				CLANG_CXX_LANGUAGE_STANDARD = "gnu++14";
				CLANG_CXX_LIBRARY = "libc++";
				CLANG_ENABLE_MODULES = YES;
				CLANG_ENABLE_OBJC_ARC = YES;
				CLANG_WARN_BLOCK_CAPTURE_AUTORELEASING = YES;
				CLANG_WARN_BOOL_CONVERSION = YES;
				CLANG_WARN_COMMA = YES;
				CLANG_WARN_CONSTANT_CONVERSION = YES;
				CLANG_WARN_DIRECT_OBJC_ISA_USAGE = YES_ERROR;
				CLANG_WARN_DOCUMENTATION_COMMENTS = YES;
				CLANG_WARN_EMPTY_BODY = YES;
				CLANG_WARN_ENUM_CONVERSION = YES;
				CLANG_WARN_INFINITE_RECURSION = YES;
				CLANG_WARN_INT_CONVERSION = YES;
				CLANG_WARN_NON_LITERAL_NULL_CONVERSION = YES;
				CLANG_WARN_OBJC_LITERAL_CONVERSION = YES;
				CLANG_WARN_OBJC_ROOT_CLASS = YES_ERROR;
				CLANG_WARN_RANGE_LOOP_ANALYSIS = YES;
				CLANG_WARN_STRICT_PROTOTYPES = YES;
				CLANG_WARN_SUSPICIOUS_MOVE = YES;
				CLANG_WARN_UNGUARDED_AVAILABILITY = YES_AGGRESSIVE;
				CLANG_WARN_UNREACHABLE_CODE = YES;
				CLANG_WARN__DUPLICATE_METHOD_MATCH = YES;
				CODE_SIGN_IDENTITY = "iPhone Developer";
				COPY_PHASE_STRIP = NO;
				DEBUG_INFORMATION_FORMAT = "dwarf-with-dsym";
				ENABLE_NS_ASSERTIONS = NO;
				ENABLE_STRICT_OBJC_MSGSEND = YES;
				GCC_C_LANGUAGE_STANDARD = gnu11;
				GCC_NO_COMMON_BLOCKS = YES;
				GCC_WARN_64_TO_32_BIT_CONVERSION = YES;
				GCC_WARN_ABOUT_RETURN_TYPE = YES_ERROR;
				GCC_WARN_UNDECLARED_SELECTOR = YES;
				GCC_WARN_UNINITIALIZED_AUTOS = YES_AGGRESSIVE;
				GCC_WARN_UNUSED_FUNCTION = YES;
				GCC_WARN_UNUSED_VARIABLE = YES;
				IPHONEOS_DEPLOYMENT_TARGET = 11.0;
				MTL_ENABLE_DEBUG_INFO = NO;
				SDKROOT = iphoneos;
				VALIDATE_PRODUCT = YES;
			};
			name = Release;
		};
		7587584C1FDFC6DD001C4B8C /* Debug */ = {
			isa = XCBuildConfiguration;
			buildSettings = {
				ASSETCATALOG_COMPILER_APPICON_NAME = AppIcon;
				CODE_SIGN_STYLE = Automatic;
				INFOPLIST_FILE = ZPKit/Info.plist;
				LD_RUNPATH_SEARCH_PATHS = "$(inherited) @executable_path/Frameworks";
				PRODUCT_BUNDLE_IDENTIFIER = ZY.ZPKit;
				PRODUCT_NAME = "$(TARGET_NAME)";
				TARGETED_DEVICE_FAMILY = "1,2";
			};
			name = Debug;
		};
		7587584D1FDFC6DD001C4B8C /* Release */ = {
			isa = XCBuildConfiguration;
			buildSettings = {
				ASSETCATALOG_COMPILER_APPICON_NAME = AppIcon;
				CODE_SIGN_STYLE = Automatic;
				INFOPLIST_FILE = ZPKit/Info.plist;
				LD_RUNPATH_SEARCH_PATHS = "$(inherited) @executable_path/Frameworks";
				PRODUCT_BUNDLE_IDENTIFIER = ZY.ZPKit;
				PRODUCT_NAME = "$(TARGET_NAME)";
				TARGETED_DEVICE_FAMILY = "1,2";
			};
			name = Release;
		};
		7587584F1FDFC6DD001C4B8C /* Debug */ = {
			isa = XCBuildConfiguration;
			buildSettings = {
				BUNDLE_LOADER = "$(TEST_HOST)";
				CODE_SIGN_STYLE = Automatic;
				INFOPLIST_FILE = ZPKitTests/Info.plist;
				LD_RUNPATH_SEARCH_PATHS = "$(inherited) @executable_path/Frameworks @loader_path/Frameworks";
				PRODUCT_BUNDLE_IDENTIFIER = ZY.ZPKitTests;
				PRODUCT_NAME = "$(TARGET_NAME)";
				TARGETED_DEVICE_FAMILY = "1,2";
				TEST_HOST = "$(BUILT_PRODUCTS_DIR)/ZPKit.app/ZPKit";
			};
			name = Debug;
		};
		758758501FDFC6DD001C4B8C /* Release */ = {
			isa = XCBuildConfiguration;
			buildSettings = {
				BUNDLE_LOADER = "$(TEST_HOST)";
				CODE_SIGN_STYLE = Automatic;
				INFOPLIST_FILE = ZPKitTests/Info.plist;
				LD_RUNPATH_SEARCH_PATHS = "$(inherited) @executable_path/Frameworks @loader_path/Frameworks";
				PRODUCT_BUNDLE_IDENTIFIER = ZY.ZPKitTests;
				PRODUCT_NAME = "$(TARGET_NAME)";
				TARGETED_DEVICE_FAMILY = "1,2";
				TEST_HOST = "$(BUILT_PRODUCTS_DIR)/ZPKit.app/ZPKit";
			};
			name = Release;
		};
		758758521FDFC6DD001C4B8C /* Debug */ = {
			isa = XCBuildConfiguration;
			buildSettings = {
				CODE_SIGN_STYLE = Automatic;
				INFOPLIST_FILE = ZPKitUITests/Info.plist;
				LD_RUNPATH_SEARCH_PATHS = "$(inherited) @executable_path/Frameworks @loader_path/Frameworks";
				PRODUCT_BUNDLE_IDENTIFIER = ZY.ZPKitUITests;
				PRODUCT_NAME = "$(TARGET_NAME)";
				TARGETED_DEVICE_FAMILY = "1,2";
				TEST_TARGET_NAME = ZPKit;
			};
			name = Debug;
		};
		758758531FDFC6DD001C4B8C /* Release */ = {
			isa = XCBuildConfiguration;
			buildSettings = {
				CODE_SIGN_STYLE = Automatic;
				INFOPLIST_FILE = ZPKitUITests/Info.plist;
				LD_RUNPATH_SEARCH_PATHS = "$(inherited) @executable_path/Frameworks @loader_path/Frameworks";
				PRODUCT_BUNDLE_IDENTIFIER = ZY.ZPKitUITests;
				PRODUCT_NAME = "$(TARGET_NAME)";
				TARGETED_DEVICE_FAMILY = "1,2";
				TEST_TARGET_NAME = ZPKit;
			};
			name = Release;
		};
/* End XCBuildConfiguration section */

/* Begin XCConfigurationList section */
		7587581A1FDFC6DD001C4B8C /* Build configuration list for PBXProject "ZPKit" */ = {
			isa = XCConfigurationList;
			buildConfigurations = (
				758758491FDFC6DD001C4B8C /* Debug */,
				7587584A1FDFC6DD001C4B8C /* Release */,
			);
			defaultConfigurationIsVisible = 0;
			defaultConfigurationName = Release;
		};
		7587584B1FDFC6DD001C4B8C /* Build configuration list for PBXNativeTarget "ZPKit" */ = {
			isa = XCConfigurationList;
			buildConfigurations = (
				7587584C1FDFC6DD001C4B8C /* Debug */,
				7587584D1FDFC6DD001C4B8C /* Release */,
			);
			defaultConfigurationIsVisible = 0;
			defaultConfigurationName = Release;
		};
		7587584E1FDFC6DD001C4B8C /* Build configuration list for PBXNativeTarget "ZPKitTests" */ = {
			isa = XCConfigurationList;
			buildConfigurations = (
				7587584F1FDFC6DD001C4B8C /* Debug */,
				758758501FDFC6DD001C4B8C /* Release */,
			);
			defaultConfigurationIsVisible = 0;
			defaultConfigurationName = Release;
		};
		758758511FDFC6DD001C4B8C /* Build configuration list for PBXNativeTarget "ZPKitUITests" */ = {
			isa = XCConfigurationList;
			buildConfigurations = (
				758758521FDFC6DD001C4B8C /* Debug */,
				758758531FDFC6DD001C4B8C /* Release */,
			);
			defaultConfigurationIsVisible = 0;
			defaultConfigurationName = Release;
		};
/* End XCConfigurationList section */
	};
	rootObject = 758758171FDFC6DD001C4B8C /* Project object */;
}
